{
  "version": 4,
  "terraform_version": "0.13.2",
  "serial": 1,
  "lineage": "cd7f4f3a-856d-486f-c8a3-6d399d810007",
  "outputs": {},
  "resources": [
    {
      "mode": "managed",
      "type": "azurerm_resource_group",
      "name": "tf_test",
      "provider": "provider[\"registry.terraform.io/hashicorp/azurerm\"]",
      "instances": [
        {
          "schema_version": 0,
          "attributes": {
            "id": "/subscriptions/33f69770-ad9c-4cf8-b1c9-c3dcc5f07e69/resourceGroups/hyd-tf-rg",
            "location": "westeurope",
            "name": "hyd-tf-rg",
            "tags": {
              "owner": "HYD"
            },
            "timeouts": null
          },
          "private": "eyJlMmJmYjczMC1lY2FhLTExZTYtOGY4OC0zNDM2M2JjN2M0YzAiOnsiY3JlYXRlIjo1NDAwMDAwMDAwMDAwLCJkZWxldGUiOjU0MDAwMDAwMDAwMDAsInJlYWQiOjMwMDAwMDAwMDAwMCwidXBkYXRlIjo1NDAwMDAwMDAwMDAwfX0="
        }
      ]
    }
  ]
}
